// !$*UTF8*$!
{
	archiveVersion = 1;
	classes = {
	};
	objectVersion = 56;
	objects = {

/* Begin PBXBuildFile section */
		4DE4C5F32C05BA87001260B5 /* SRCarPlayApp.swift in Sources */ = {isa = PBXBuildFile; fileRef = 4DE4C5F22C05BA87001260B5 /* SRCarPlayApp.swift */; };
		4DE4C5F52C05BA87001260B5 /* ContentView.swift in Sources */ = {isa = PBXBuildFile; fileRef = 4DE4C5F42C05BA87001260B5 /* ContentView.swift */; };
		4DE4C5F92C05BA88001260B5 /* Assets.xcassets in Resources */ = {isa = PBXBuildFile; fileRef = 4DE4C5F82C05BA88001260B5 /* Assets.xcassets */; };
		4DE4C5FC2C05BA88001260B5 /* Preview Assets.xcassets in Resources */ = {isa = PBXBuildFile; fileRef = 4DE4C5FB2C05BA88001260B5 /* Preview Assets.xcassets */; };
		4DE4C6062C05BA88001260B5 /* SRCarPlayTests.swift in Sources */ = {isa = PBXBuildFile; fileRef = 4DE4C6052C05BA88001260B5 /* SRCarPlayTests.swift */; };
		4DE4C6102C05BA88001260B5 /* SRCarPlayUITests.swift in Sources */ = {isa = PBXBuildFile; fileRef = 4DE4C60F2C05BA88001260B5 /* SRCarPlayUITests.swift */; };
		4DE4C6122C05BA88001260B5 /* SRCarPlayUITestsLaunchTests.swift in Sources */ = {isa = PBXBuildFile; fileRef = 4DE4C6112C05BA88001260B5 /* SRCarPlayUITestsLaunchTests.swift */; };
/* End PBXBuildFile section */

/* Begin PBXContainerItemProxy section */
		4DE4C6022C05BA88001260B5 /* PBXContainerItemProxy */ = {
			isa = PBXContainerItemProxy;
			containerPortal = 4DE4C5E72C05BA86001260B5 /* Project object */;
			proxyType = 1;
			remoteGlobalIDString = 4DE4C5EE2C05BA87001260B5;
			remoteInfo = SRCarPlay;
		};
		4DE4C60C2C05BA88001260B5 /* PBXContainerItemProxy */ = {
			isa = PBXContainerItemProxy;
			containerPortal = 4DE4C5E72C05BA86001260B5 /* Project object */;
			proxyType = 1;
			remoteGlobalIDString = 4DE4C5EE2C05BA87001260B5;
			remoteInfo = SRCarPlay;
		};
/* End PBXContainerItemProxy section */

/* Begin PBXFileReference section */
		4DE4C5EF2C05BA87001260B5 /* SRCarPlay.app */ = {isa = PBXFileReference; explicitFileType = wrapper.application; includeInIndex = 0; path = SRCarPlay.app; sourceTree = BUILT_PRODUCTS_DIR; };
		4DE4C5F22C05BA87001260B5 /* SRCarPlayApp.swift */ = {isa = PBXFileReference; lastKnownFileType = sourcecode.swift; path = SRCarPlayApp.swift; sourceTree = "<group>"; };
		4DE4C5F42C05BA87001260B5 /* ContentView.swift */ = {isa = PBXFileReference; lastKnownFileType = sourcecode.swift; path = ContentView.swift; sourceTree = "<group>"; };
		4DE4C5F82C05BA88001260B5 /* Assets.xcassets */ = {isa = PBXFileReference; lastKnownFileType = folder.assetcatalog; path = Assets.xcassets; sourceTree = "<group>"; };
		4DE4C5FB2C05BA88001260B5 /* Preview Assets.xcassets */ = {isa = PBXFileReference; lastKnownFileType = folder.assetcatalog; path = "Preview Assets.xcassets"; sourceTree = "<group>"; };
		4DE4C6012C05BA88001260B5 /* SRCarPlayTests.xctest */ = {isa = PBXFileReference; explicitFileType = wrapper.cfbundle; includeInIndex = 0; path = SRCarPlayTests.xctest; sourceTree = BUILT_PRODUCTS_DIR; };
		4DE4C6052C05BA88001260B5 /* SRCarPlayTests.swift */ = {isa = PBXFileReference; lastKnownFileType = sourcecode.swift; path = SRCarPlayTests.swift; sourceTree = "<group>"; };
		4DE4C60B2C05BA88001260B5 /* SRCarPlayUITests.xctest */ = {isa = PBXFileReference; explicitFileType = wrapper.cfbundle; includeInIndex = 0; path = SRCarPlayUITests.xctest; sourceTree = BUILT_PRODUCTS_DIR; };
		4DE4C60F2C05BA88001260B5 /* SRCarPlayUITests.swift */ = {isa = PBXFileReference; lastKnownFileType = sourcecode.swift; path = SRCarPlayUITests.swift; sourceTree = "<group>"; };
		4DE4C6112C05BA88001260B5 /* SRCarPlayUITestsLaunchTests.swift */ = {isa = PBXFileReference; lastKnownFileType = sourcecode.swift; path = SRCarPlayUITestsLaunchTests.swift; sourceTree = "<group>"; };
		4DE4C61E2C05BBC9001260B5 /* SRCarPlay.entitlements */ = {isa = PBXFileReference; lastKnownFileType = text.plist.entitlements; path = SRCarPlay.entitlements; sourceTree = "<group>"; };
/* End PBXFileReference section */

/* Begin PBXFrameworksBuildPhase section */
		4DE4C5EC2C05BA87001260B5 /* Frameworks */ = {
			isa = PBXFrameworksBuildPhase;
			buildActionMask = 2147483647;
			files = (
			);
			runOnlyForDeploymentPostprocessing = 0;
		};
		4DE4C5FE2C05BA88001260B5 /* Frameworks */ = {
			isa = PBXFrameworksBuildPhase;
			buildActionMask = 2147483647;
			files = (
			);
			runOnlyForDeploymentPostprocessing = 0;
		};
		4DE4C6082C05BA88001260B5 /* Frameworks */ = {
			isa = PBXFrameworksBuildPhase;
			buildActionMask = 2147483647;
			files = (
			);
			runOnlyForDeploymentPostprocessing = 0;
		};
/* End PBXFrameworksBuildPhase section */

/* Begin PBXGroup section */
		4DE4C5E62C05BA86001260B5 = {
			isa = PBXGroup;
			children = (
				4DE4C5F12C05BA87001260B5 /* SRCarPlay */,
				4DE4C6042C05BA88001260B5 /* SRCarPlayTests */,
				4DE4C60E2C05BA88001260B5 /* SRCarPlayUITests */,
				4DE4C5F02C05BA87001260B5 /* Products */,
			);
			sourceTree = "<group>";
		};
		4DE4C5F02C05BA87001260B5 /* Products */ = {
			isa = PBXGroup;
			children = (
				4DE4C5EF2C05BA87001260B5 /* SRCarPlay.app */,
				4DE4C6012C05BA88001260B5 /* SRCarPlayTests.xctest */,
				4DE4C60B2C05BA88001260B5 /* SRCarPlayUITests.xctest */,
			);
			name = Products;
			sourceTree = "<group>";
		};
		4DE4C5F12C05BA87001260B5 /* SRCarPlay */ = {
			isa = PBXGroup;
			children = (
				4DE4C61E2C05BBC9001260B5 /* SRCarPlay.entitlements */,
				4DE4C5F22C05BA87001260B5 /* SRCarPlayApp.swift */,
				4DE4C5F42C05BA87001260B5 /* ContentView.swift */,
				4DE4C5F82C05BA88001260B5 /* Assets.xcassets */,
				4DE4C5FA2C05BA88001260B5 /* Preview Content */,
			);
			path = SRCarPlay;
			sourceTree = "<group>";
		};
		4DE4C5FA2C05BA88001260B5 /* Preview Content */ = {
			isa = PBXGroup;
			children = (
				4DE4C5FB2C05BA88001260B5 /* Preview Assets.xcassets */,
			);
			path = "Preview Content";
			sourceTree = "<group>";
		};
		4DE4C6042C05BA88001260B5 /* SRCarPlayTests */ = {
			isa = PBXGroup;
			children = (
				4DE4C6052C05BA88001260B5 /* SRCarPlayTests.swift */,
			);
			path = SRCarPlayTests;
			sourceTree = "<group>";
		};
		4DE4C60E2C05BA88001260B5 /* SRCarPlayUITests */ = {
			isa = PBXGroup;
			children = (
				4DE4C60F2C05BA88001260B5 /* SRCarPlayUITests.swift */,
				4DE4C6112C05BA88001260B5 /* SRCarPlayUITestsLaunchTests.swift */,
			);
			path = SRCarPlayUITests;
			sourceTree = "<group>";
		};
/* End PBXGroup section */

/* Begin PBXNativeTarget section */
		4DE4C5EE2C05BA87001260B5 /* SRCarPlay */ = {
			isa = PBXNativeTarget;
			buildConfigurationList = 4DE4C6152C05BA88001260B5 /* Build configuration list for PBXNativeTarget "SRCarPlay" */;
			buildPhases = (
				4DE4C5EB2C05BA87001260B5 /* Sources */,
				4DE4C5EC2C05BA87001260B5 /* Frameworks */,
				4DE4C5ED2C05BA87001260B5 /* Resources */,
			);
			buildRules = (
			);
			dependencies = (
			);
			name = SRCarPlay;
			productName = SRCarPlay;
			productReference = 4DE4C5EF2C05BA87001260B5 /* SRCarPlay.app */;
			productType = "com.apple.product-type.application";
		};
		4DE4C6002C05BA88001260B5 /* SRCarPlayTests */ = {
			isa = PBXNativeTarget;
			buildConfigurationList = 4DE4C6182C05BA88001260B5 /* Build configuration list for PBXNativeTarget "SRCarPlayTests" */;
			buildPhases = (
				4DE4C5FD2C05BA88001260B5 /* Sources */,
				4DE4C5FE2C05BA88001260B5 /* Frameworks */,
				4DE4C5FF2C05BA88001260B5 /* Resources */,
			);
			buildRules = (
			);
			dependencies = (
				4DE4C6032C05BA88001260B5 /* PBXTargetDependency */,
			);
			name = SRCarPlayTests;
			productName = SRCarPlayTests;
			productReference = 4DE4C6012C05BA88001260B5 /* SRCarPlayTests.xctest */;
			productType = "com.apple.product-type.bundle.unit-test";
		};
		4DE4C60A2C05BA88001260B5 /* SRCarPlayUITests */ = {
			isa = PBXNativeTarget;
			buildConfigurationList = 4DE4C61B2C05BA88001260B5 /* Build configuration list for PBXNativeTarget "SRCarPlayUITests" */;
			buildPhases = (
				4DE4C6072C05BA88001260B5 /* Sources */,
				4DE4C6082C05BA88001260B5 /* Frameworks */,
				4DE4C6092C05BA88001260B5 /* Resources */,
			);
			buildRules = (
			);
			dependencies = (
				4DE4C60D2C05BA88001260B5 /* PBXTargetDependency */,
			);
			name = SRCarPlayUITests;
			productName = SRCarPlayUITests;
			productReference = 4DE4C60B2C05BA88001260B5 /* SRCarPlayUITests.xctest */;
			productType = "com.apple.product-type.bundle.ui-testing";
		};
/* End PBXNativeTarget section */

/* Begin PBXProject section */
		4DE4C5E72C05BA86001260B5 /* Project object */ = {
			isa = PBXProject;
			attributes = {
				BuildIndependentTargetsInParallel = 1;
				LastSwiftUpdateCheck = 1540;
				LastUpgradeCheck = 1540;
				TargetAttributes = {
					4DE4C5EE2C05BA87001260B5 = {
						CreatedOnToolsVersion = 15.4;
					};
					4DE4C6002C05BA88001260B5 = {
						CreatedOnToolsVersion = 15.4;
						TestTargetID = 4DE4C5EE2C05BA87001260B5;
					};
					4DE4C60A2C05BA88001260B5 = {
						CreatedOnToolsVersion = 15.4;
						TestTargetID = 4DE4C5EE2C05BA87001260B5;
					};
				};
			};
			buildConfigurationList = 4DE4C5EA2C05BA86001260B5 /* Build configuration list for PBXProject "SRCarPlay" */;
			compatibilityVersion = "Xcode 14.0";
			developmentRegion = en;
			hasScannedForEncodings = 0;
			knownRegions = (
				en,
				Base,
			);
			mainGroup = 4DE4C5E62C05BA86001260B5;
			productRefGroup = 4DE4C5F02C05BA87001260B5 /* Products */;
			projectDirPath = "";
			projectRoot = "";
			targets = (
				4DE4C5EE2C05BA87001260B5 /* SRCarPlay */,
				4DE4C6002C05BA88001260B5 /* SRCarPlayTests */,
				4DE4C60A2C05BA88001260B5 /* SRCarPlayUITests */,
			);
		};
/* End PBXProject section */

/* Begin PBXResourcesBuildPhase section */
		4DE4C5ED2C05BA87001260B5 /* Resources */ = {
			isa = PBXResourcesBuildPhase;
			buildActionMask = 2147483647;
			files = (
				4DE4C5FC2C05BA88001260B5 /* Preview Assets.xcassets in Resources */,
				4DE4C5F92C05BA88001260B5 /* Assets.xcassets in Resources */,
			);
			runOnlyForDeploymentPostprocessing = 0;
		};
		4DE4C5FF2C05BA88001260B5 /* Resources */ = {
			isa = PBXResourcesBuildPhase;
			buildActionMask = 2147483647;
			files = (
			);
			runOnlyForDeploymentPostprocessing = 0;
		};
		4DE4C6092C05BA88001260B5 /* Resources */ = {
			isa = PBXResourcesBuildPhase;
			buildActionMask = 2147483647;
			files = (
			);
			runOnlyForDeploymentPostprocessing = 0;
		};
/* End PBXResourcesBuildPhase section */

/* Begin PBXSourcesBuildPhase section */
		4DE4C5EB2C05BA87001260B5 /* Sources */ = {
			isa = PBXSourcesBuildPhase;
			buildActionMask = 2147483647;
			files = (
				4DE4C5F52C05BA87001260B5 /* ContentView.swift in Sources */,
				4DE4C5F32C05BA87001260B5 /* SRCarPlayApp.swift in Sources */,
			);
			runOnlyForDeploymentPostprocessing = 0;
		};
		4DE4C5FD2C05BA88001260B5 /* Sources */ = {
			isa = PBXSourcesBuildPhase;
			buildActionMask = 2147483647;
			files = (
				4DE4C6062C05BA88001260B5 /* SRCarPlayTests.swift in Sources */,
			);
			runOnlyForDeploymentPostprocessing = 0;
		};
		4DE4C6072C05BA88001260B5 /* Sources */ = {
			isa = PBXSourcesBuildPhase;
			buildActionMask = 2147483647;
			files = (
				4DE4C6122C05BA88001260B5 /* SRCarPlayUITestsLaunchTests.swift in Sources */,
				4DE4C6102C05BA88001260B5 /* SRCarPlayUITests.swift in Sources */,
			);
			runOnlyForDeploymentPostprocessing = 0;
		};
/* End PBXSourcesBuildPhase section */

/* Begin PBXTargetDependency section */
		4DE4C6032C05BA88001260B5 /* PBXTargetDependency */ = {
			isa = PBXTargetDependency;
			target = 4DE4C5EE2C05BA87001260B5 /* SRCarPlay */;
			targetProxy = 4DE4C6022C05BA88001260B5 /* PBXContainerItemProxy */;
		};
		4DE4C60D2C05BA88001260B5 /* PBXTargetDependency */ = {
			isa = PBXTargetDependency;
			target = 4DE4C5EE2C05BA87001260B5 /* SRCarPlay */;
			targetProxy = 4DE4C60C2C05BA88001260B5 /* PBXContainerItemProxy */;
		};
/* End PBXTargetDependency section */

/* Begin XCBuildConfiguration section */
		4DE4C6132C05BA88001260B5 /* Debug */ = {
			isa = XCBuildConfiguration;
			buildSettings = {
				ALWAYS_SEARCH_USER_PATHS = NO;
				ASSETCATALOG_COMPILER_GENERATE_SWIFT_ASSET_SYMBOL_EXTENSIONS = YES;
				CLANG_ANALYZER_NONNULL = YES;
				CLANG_ANALYZER_NUMBER_OBJECT_CONVERSION = YES_AGGRESSIVE;
				CLANG_CXX_LANGUAGE_STANDARD = "gnu++20";
				CLANG_ENABLE_MODULES = YES;
				CLANG_ENABLE_OBJC_ARC = YES;
				CLANG_ENABLE_OBJC_WEAK = YES;
				CLANG_WARN_BLOCK_CAPTURE_AUTORELEASING = YES;
				CLANG_WARN_BOOL_CONVERSION = YES;
				CLANG_WARN_COMMA = YES;
				CLANG_WARN_CONSTANT_CONVERSION = YES;
				CLANG_WARN_DEPRECATED_OBJC_IMPLEMENTATIONS = YES;
				CLANG_WARN_DIRECT_OBJC_ISA_USAGE = YES_ERROR;
				CLANG_WARN_DOCUMENTATION_COMMENTS = YES;
				CLANG_WARN_EMPTY_BODY = YES;
				CLANG_WARN_ENUM_CONVERSION = YES;
				CLANG_WARN_INFINITE_RECURSION = YES;
				CLANG_WARN_INT_CONVERSION = YES;
				CLANG_WARN_NON_LITERAL_NULL_CONVERSION = YES;
				CLANG_WARN_OBJC_IMPLICIT_RETAIN_SELF = YES;
				CLANG_WARN_OBJC_LITERAL_CONVERSION = YES;
				CLANG_WARN_OBJC_ROOT_CLASS = YES_ERROR;
				CLANG_WARN_QUOTED_INCLUDE_IN_FRAMEWORK_HEADER = YES;
				CLANG_WARN_RANGE_LOOP_ANALYSIS = YES;
				CLANG_WARN_STRICT_PROTOTYPES = YES;
				CLANG_WARN_SUSPICIOUS_MOVE = YES;
				CLANG_WARN_UNGUARDED_AVAILABILITY = YES_AGGRESSIVE;
				CLANG_WARN_UNREACHABLE_CODE = YES;
				CLANG_WARN__DUPLICATE_METHOD_MATCH = YES;
				COPY_PHASE_STRIP = NO;
				DEBUG_INFORMATION_FORMAT = dwarf;
				ENABLE_STRICT_OBJC_MSGSEND = YES;
				ENABLE_TESTABILITY = YES;
				ENABLE_USER_SCRIPT_SANDBOXING = YES;
				GCC_C_LANGUAGE_STANDARD = gnu17;
				GCC_DYNAMIC_NO_PIC = NO;
				GCC_NO_COMMON_BLOCKS = YES;
				GCC_OPTIMIZATION_LEVEL = 0;
				GCC_PREPROCESSOR_DEFINITIONS = (
					"DEBUG=1",
					"$(inherited)",
				);
				GCC_WARN_64_TO_32_BIT_CONVERSION = YES;
				GCC_WARN_ABOUT_RETURN_TYPE = YES_ERROR;
				GCC_WARN_UNDECLARED_SELECTOR = YES;
				GCC_WARN_UNINITIALIZED_AUTOS = YES_AGGRESSIVE;
				GCC_WARN_UNUSED_FUNCTION = YES;
				GCC_WARN_UNUSED_VARIABLE = YES;
				IPHONEOS_DEPLOYMENT_TARGET = 17.5;
				LOCALIZATION_PREFERS_STRING_CATALOGS = YES;
				MTL_ENABLE_DEBUG_INFO = INCLUDE_SOURCE;
				MTL_FAST_MATH = YES;
				ONLY_ACTIVE_ARCH = YES;
				SDKROOT = iphoneos;
				SWIFT_ACTIVE_COMPILATION_CONDITIONS = "DEBUG $(inherited)";
				SWIFT_OPTIMIZATION_LEVEL = "-Onone";
			};
			name = Debug;
		};
		4DE4C6142C05BA88001260B5 /* Release */ = {
			isa = XCBuildConfiguration;
			buildSettings = {
				ALWAYS_SEARCH_USER_PATHS = NO;
				ASSETCATALOG_COMPILER_GENERATE_SWIFT_ASSET_SYMBOL_EXTENSIONS = YES;
				CLANG_ANALYZER_NONNULL = YES;
				CLANG_ANALYZER_NUMBER_OBJECT_CONVERSION = YES_AGGRESSIVE;
				CLANG_CXX_LANGUAGE_STANDARD = "gnu++20";
				CLANG_ENABLE_MODULES = YES;
				CLANG_ENABLE_OBJC_ARC = YES;
				CLANG_ENABLE_OBJC_WEAK = YES;
				CLANG_WARN_BLOCK_CAPTURE_AUTORELEASING = YES;
				CLANG_WARN_BOOL_CONVERSION = YES;
				CLANG_WARN_COMMA = YES;
				CLANG_WARN_CONSTANT_CONVERSION = YES;
				CLANG_WARN_DEPRECATED_OBJC_IMPLEMENTATIONS = YES;
				CLANG_WARN_DIRECT_OBJC_ISA_USAGE = YES_ERROR;
				CLANG_WARN_DOCUMENTATION_COMMENTS = YES;
				CLANG_WARN_EMPTY_BODY = YES;
				CLANG_WARN_ENUM_CONVERSION = YES;
				CLANG_WARN_INFINITE_RECURSION = YES;
				CLANG_WARN_INT_CONVERSION = YES;
				CLANG_WARN_NON_LITERAL_NULL_CONVERSION = YES;
				CLANG_WARN_OBJC_IMPLICIT_RETAIN_SELF = YES;
				CLANG_WARN_OBJC_LITERAL_CONVERSION = YES;
				CLANG_WARN_OBJC_ROOT_CLASS = YES_ERROR;
				CLANG_WARN_QUOTED_INCLUDE_IN_FRAMEWORK_HEADER = YES;
				CLANG_WARN_RANGE_LOOP_ANALYSIS = YES;
				CLANG_WARN_STRICT_PROTOTYPES = YES;
				CLANG_WARN_SUSPICIOUS_MOVE = YES;
				CLANG_WARN_UNGUARDED_AVAILABILITY = YES_AGGRESSIVE;
				CLANG_WARN_UNREACHABLE_CODE = YES;
				CLANG_WARN__DUPLICATE_METHOD_MATCH = YES;
				COPY_PHASE_STRIP = NO;
				DEBUG_INFORMATION_FORMAT = "dwarf-with-dsym";
				ENABLE_NS_ASSERTIONS = NO;
				ENABLE_STRICT_OBJC_MSGSEND = YES;
				ENABLE_USER_SCRIPT_SANDBOXING = YES;
				GCC_C_LANGUAGE_STANDARD = gnu17;
				GCC_NO_COMMON_BLOCKS = YES;
				GCC_WARN_64_TO_32_BIT_CONVERSION = YES;
				GCC_WARN_ABOUT_RETURN_TYPE = YES_ERROR;
				GCC_WARN_UNDECLARED_SELECTOR = YES;
				GCC_WARN_UNINITIALIZED_AUTOS = YES_AGGRESSIVE;
				GCC_WARN_UNUSED_FUNCTION = YES;
				GCC_WARN_UNUSED_VARIABLE = YES;
				IPHONEOS_DEPLOYMENT_TARGET = 17.5;
				LOCALIZATION_PREFERS_STRING_CATALOGS = YES;
				MTL_ENABLE_DEBUG_INFO = NO;
				MTL_FAST_MATH = YES;
				SDKROOT = iphoneos;
				SWIFT_COMPILATION_MODE = wholemodule;
				VALIDATE_PRODUCT = YES;
			};
			name = Release;
		};
		4DE4C6162C05BA88001260B5 /* Debug */ = {
			isa = XCBuildConfiguration;
			buildSettings = {
				ASSETCATALOG_COMPILER_APPICON_NAME = AppIcon;
				ASSETCATALOG_COMPILER_GLOBAL_ACCENT_COLOR_NAME = AccentColor;
				CODE_SIGN_ENTITLEMENTS = SRCarPlay/SRCarPlay.entitlements;
				CODE_SIGN_STYLE = Automatic;
				CURRENT_PROJECT_VERSION = 1;
				DEVELOPMENT_ASSET_PATHS = "\"SRCarPlay/Preview Content\"";
				DEVELOPMENT_TEAM = Y8NX76ELDN;
				ENABLE_PREVIEWS = YES;
				GENERATE_INFOPLIST_FILE = YES;
				INFOPLIST_KEY_UIApplicationSceneManifest_Generation = YES;
				INFOPLIST_KEY_UIApplicationSupportsIndirectInputEvents = YES;
				INFOPLIST_KEY_UILaunchScreen_Generation = YES;
				INFOPLIST_KEY_UISupportedInterfaceOrientations_iPad = "UIInterfaceOrientationPortrait UIInterfaceOrientationPortraitUpsideDown UIInterfaceOrientationLandscapeLeft UIInterfaceOrientationLandscapeRight";
				INFOPLIST_KEY_UISupportedInterfaceOrientations_iPhone = "UIInterfaceOrientationPortrait UIInterfaceOrientationLandscapeLeft UIInterfaceOrientationLandscapeRight";
				IPHONEOS_DEPLOYMENT_TARGET = 16.4;
				LD_RUNPATH_SEARCH_PATHS = (
					"$(inherited)",
					"@executable_path/Frameworks",
				);
				MARKETING_VERSION = 1.0;
				PRODUCT_BUNDLE_IDENTIFIER = se.b3.SRCarPlay;
				PRODUCT_NAME = "$(TARGET_NAME)";
				SWIFT_EMIT_LOC_STRINGS = YES;
				SWIFT_VERSION = 5.0;
				TARGETED_DEVICE_FAMILY = "1,2";
			};
			name = Debug;
		};
		4DE4C6172C05BA88001260B5 /* Release */ = {
			isa = XCBuildConfiguration;
			buildSettings = {
				ASSETCATALOG_COMPILER_APPICON_NAME = AppIcon;
				ASSETCATALOG_COMPILER_GLOBAL_ACCENT_COLOR_NAME = AccentColor;
				CODE_SIGN_ENTITLEMENTS = SRCarPlay/SRCarPlay.entitlements;
				CODE_SIGN_STYLE = Automatic;
				CURRENT_PROJECT_VERSION = 1;
				DEVELOPMENT_ASSET_PATHS = "\"SRCarPlay/Preview Content\"";
				DEVELOPMENT_TEAM = Y8NX76ELDN;
				ENABLE_PREVIEWS = YES;
				GENERATE_INFOPLIST_FILE = YES;
				INFOPLIST_KEY_UIApplicationSceneManifest_Generation = YES;
				INFOPLIST_KEY_UIApplicationSupportsIndirectInputEvents = YES;
				INFOPLIST_KEY_UILaunchScreen_Generation = YES;
				INFOPLIST_KEY_UISupportedInterfaceOrientations_iPad = "UIInterfaceOrientationPortrait UIInterfaceOrientationPortraitUpsideDown UIInterfaceOrientationLandscapeLeft UIInterfaceOrientationLandscapeRight";
				INFOPLIST_KEY_UISupportedInterfaceOrientations_iPhone = "UIInterfaceOrientationPortrait UIInterfaceOrientationLandscapeLeft UIInterfaceOrientationLandscapeRight";
				IPHONEOS_DEPLOYMENT_TARGET = 16.4;
				LD_RUNPATH_SEARCH_PATHS = (
					"$(inherited)",
					"@executable_path/Frameworks",
				);
				MARKETING_VERSION = 1.0;
				PRODUCT_BUNDLE_IDENTIFIER = se.b3.SRCarPlay;
				PRODUCT_NAME = "$(TARGET_NAME)";
				SWIFT_EMIT_LOC_STRINGS = YES;
				SWIFT_VERSION = 5.0;
				TARGETED_DEVICE_FAMILY = "1,2";
			};
			name = Release;
		};
		4DE4C6192C05BA88001260B5 /* Debug */ = {
			isa = XCBuildConfiguration;
			buildSettings = {
				ALWAYS_EMBED_SWIFT_STANDARD_LIBRARIES = YES;
				BUNDLE_LOADER = "$(TEST_HOST)";
				CODE_SIGN_STYLE = Automatic;
				CURRENT_PROJECT_VERSION = 1;
				DEVELOPMENT_TEAM = Y8NX76ELDN;
				GENERATE_INFOPLIST_FILE = YES;
				IPHONEOS_DEPLOYMENT_TARGET = 17.5;
				MARKETING_VERSION = 1.0;
				PRODUCT_BUNDLE_IDENTIFIER = se.b3.SRCarPlayTests;
				PRODUCT_NAME = "$(TARGET_NAME)";
				SWIFT_EMIT_LOC_STRINGS = NO;
				SWIFT_VERSION = 5.0;
				TARGETED_DEVICE_FAMILY = "1,2";
				TEST_HOST = "$(BUILT_PRODUCTS_DIR)/SRCarPlay.app/$(BUNDLE_EXECUTABLE_FOLDER_PATH)/SRCarPlay";
			};
			name = Debug;
		};
		4DE4C61A2C05BA88001260B5 /* Release */ = {
			isa = XCBuildConfiguration;
			buildSettings = {
				ALWAYS_EMBED_SWIFT_STANDARD_LIBRARIES = YES;
				BUNDLE_LOADER = "$(TEST_HOST)";
				CODE_SIGN_STYLE = Automatic;
				CURRENT_PROJECT_VERSION = 1;
				DEVELOPMENT_TEAM = Y8NX76ELDN;
				GENERATE_INFOPLIST_FILE = YES;
				IPHONEOS_DEPLOYMENT_TARGET = 17.5;
				MARKETING_VERSION = 1.0;
				PRODUCT_BUNDLE_IDENTIFIER = se.b3.SRCarPlayTests;
				PRODUCT_NAME = "$(TARGET_NAME)";
				SWIFT_EMIT_LOC_STRINGS = NO;
				SWIFT_VERSION = 5.0;
				TARGETED_DEVICE_FAMILY = "1,2";
				TEST_HOST = "$(BUILT_PRODUCTS_DIR)/SRCarPlay.app/$(BUNDLE_EXECUTABLE_FOLDER_PATH)/SRCarPlay";
			};
			name = Release;
		};
		4DE4C61C2C05BA88001260B5 /* Debug */ = {
			isa = XCBuildConfiguration;
			buildSettings = {
				ALWAYS_EMBED_SWIFT_STANDARD_LIBRARIES = YES;
				CODE_SIGN_STYLE = Automatic;
				CURRENT_PROJECT_VERSION = 1;
				DEVELOPMENT_TEAM = Y8NX76ELDN;
				GENERATE_INFOPLIST_FILE = YES;
				MARKETING_VERSION = 1.0;
				PRODUCT_BUNDLE_IDENTIFIER = se.b3.SRCarPlayUITests;
				PRODUCT_NAME = "$(TARGET_NAME)";
				SWIFT_EMIT_LOC_STRINGS = NO;
				SWIFT_VERSION = 5.0;
				TARGETED_DEVICE_FAMILY = "1,2";
				TEST_TARGET_NAME = SRCarPlay;
			};
			name = Debug;
		};
		4DE4C61D2C05BA88001260B5 /* Release */ = {
			isa = XCBuildConfiguration;
			buildSettings = {
				ALWAYS_EMBED_SWIFT_STANDARD_LIBRARIES = YES;
				CODE_SIGN_STYLE = Automatic;
				CURRENT_PROJECT_VERSION = 1;
				DEVELOPMENT_TEAM = Y8NX76ELDN;
				GENERATE_INFOPLIST_FILE = YES;
				MARKETING_VERSION = 1.0;
				PRODUCT_BUNDLE_IDENTIFIER = se.b3.SRCarPlayUITests;
				PRODUCT_NAME = "$(TARGET_NAME)";
				SWIFT_EMIT_LOC_STRINGS = NO;
				SWIFT_VERSION = 5.0;
				TARGETED_DEVICE_FAMILY = "1,2";
				TEST_TARGET_NAME = SRCarPlay;
			};
			name = Release;
		};
/* End XCBuildConfiguration section */

/* Begin XCConfigurationList section */
		4DE4C5EA2C05BA86001260B5 /* Build configuration list for PBXProject "SRCarPlay" */ = {
			isa = XCConfigurationList;
			buildConfigurations = (
				4DE4C6132C05BA88001260B5 /* Debug */,
				4DE4C6142C05BA88001260B5 /* Release */,
			);
			defaultConfigurationIsVisible = 0;
			defaultConfigurationName = Release;
		};
		4DE4C6152C05BA88001260B5 /* Build configuration list for PBXNativeTarget "SRCarPlay" */ = {
			isa = XCConfigurationList;
			buildConfigurations = (
				4DE4C6162C05BA88001260B5 /* Debug */,
				4DE4C6172C05BA88001260B5 /* Release */,
			);
			defaultConfigurationIsVisible = 0;
			defaultConfigurationName = Release;
		};
		4DE4C6182C05BA88001260B5 /* Build configuration list for PBXNativeTarget "SRCarPlayTests" */ = {
			isa = XCConfigurationList;
			buildConfigurations = (
				4DE4C6192C05BA88001260B5 /* Debug */,
				4DE4C61A2C05BA88001260B5 /* Release */,
			);
			defaultConfigurationIsVisible = 0;
			defaultConfigurationName = Release;
		};
		4DE4C61B2C05BA88001260B5 /* Build configuration list for PBXNativeTarget "SRCarPlayUITests" */ = {
			isa = XCConfigurationList;
			buildConfigurations = (
				4DE4C61C2C05BA88001260B5 /* Debug */,
				4DE4C61D2C05BA88001260B5 /* Release */,
			);
			defaultConfigurationIsVisible = 0;
			defaultConfigurationName = Release;
		};
/* End XCConfigurationList section */
	};
	rootObject = 4DE4C5E72C05BA86001260B5 /* Project object */;
}
