// !$*UTF8*$!
{
	archiveVersion = 1;
	classes = {
	};
	objectVersion = 56;
	objects = {

/* Begin PBXBuildFile section */
		4D0439D72C1060F600B79D9E /* Channel.swift in Sources */ = {isa = PBXBuildFile; fileRef = 4D0439D62C1060F600B79D9E /* Channel.swift */; };
		4D0439DB2C10616900B79D9E /* Liveaudio.swift in Sources */ = {isa = PBXBuildFile; fileRef = 4D0439DA2C10616800B79D9E /* Liveaudio.swift */; };
		4D0439E32C106D9C00B79D9E /* ChannelView.swift in Sources */ = {isa = PBXBuildFile; fileRef = 4D0439E22C106D9C00B79D9E /* ChannelView.swift */; };
		4D5A65862C3F3A5500B5DDE3 /* FullPlayerView.swift in Sources */ = {isa = PBXBuildFile; fileRef = 4D5A65852C3F3A5500B5DDE3 /* FullPlayerView.swift */; };
		4D5A65882C3FC02A00B5DDE3 /* PlayerModel.swift in Sources */ = {isa = PBXBuildFile; fileRef = 4D5A65872C3FC02A00B5DDE3 /* PlayerModel.swift */; };
		4DB3BCC02C05E1AD00C3472A /* NewsView.swift in Sources */ = {isa = PBXBuildFile; fileRef = 4DB3BCBF2C05E1AD00C3472A /* NewsView.swift */; };
		4DB3BCCD2C05E1C400C3472A /* Broadcast.swift in Sources */ = {isa = PBXBuildFile; fileRef = 4DB3BCC32C05E1C400C3472A /* Broadcast.swift */; };
		4DB3BCCE2C05E1C400C3472A /* Broadcastfiles.swift in Sources */ = {isa = PBXBuildFile; fileRef = 4DB3BCC42C05E1C400C3472A /* Broadcastfiles.swift */; };
		4DB3BCCF2C05E1C400C3472A /* Broadcasttime.swift in Sources */ = {isa = PBXBuildFile; fileRef = 4DB3BCC52C05E1C400C3472A /* Broadcasttime.swift */; };
		4DB3BCD02C05E1C400C3472A /* Downloadpodfile.swift in Sources */ = {isa = PBXBuildFile; fileRef = 4DB3BCC62C05E1C400C3472A /* Downloadpodfile.swift */; };
		4DB3BCD12C05E1C400C3472A /* Episodes.swift in Sources */ = {isa = PBXBuildFile; fileRef = 4DB3BCC72C05E1C400C3472A /* Episodes.swift */; };
		4DB3BCD22C05E1C400C3472A /* News.swift in Sources */ = {isa = PBXBuildFile; fileRef = 4DB3BCC82C05E1C400C3472A /* News.swift */; };
		4DB3BCD32C05E1C400C3472A /* Playlist.swift in Sources */ = {isa = PBXBuildFile; fileRef = 4DB3BCC92C05E1C400C3472A /* Playlist.swift */; };
		4DB3BCD42C05E1C400C3472A /* Program.swift in Sources */ = {isa = PBXBuildFile; fileRef = 4DB3BCCA2C05E1C400C3472A /* Program.swift */; };
		4DCD62BB2C2C225A00CC094F /* ChannelPlayView.swift in Sources */ = {isa = PBXBuildFile; fileRef = 4DCD62BA2C2C225A00CC094F /* ChannelPlayView.swift */; };
		4DCD62BD2C2C226D00CC094F /* AsyncImage.swift in Sources */ = {isa = PBXBuildFile; fileRef = 4DCD62BC2C2C226D00CC094F /* AsyncImage.swift */; };
		4DCD62BF2C2C228D00CC094F /* ImageLoader.swift in Sources */ = {isa = PBXBuildFile; fileRef = 4DCD62BE2C2C228D00CC094F /* ImageLoader.swift */; };
		4DCD62C12C2C229400CC094F /* ChannelViewModel.swift in Sources */ = {isa = PBXBuildFile; fileRef = 4DCD62C02C2C229400CC094F /* ChannelViewModel.swift */; };
		BB17CA3B2A12F59F004E4375 /* SRCarPlayApp.swift in Sources */ = {isa = PBXBuildFile; fileRef = BB17CA3A2A12F59F004E4375 /* SRCarPlayApp.swift */; };
		BB17CA3D2A12F59F004E4375 /* ContentView.swift in Sources */ = {isa = PBXBuildFile; fileRef = BB17CA3C2A12F59F004E4375 /* ContentView.swift */; };
		BB17CA3F2A12F5A2004E4375 /* Assets.xcassets in Resources */ = {isa = PBXBuildFile; fileRef = BB17CA3E2A12F5A2004E4375 /* Assets.xcassets */; };
		BB17CA422A12F5A2004E4375 /* Preview Assets.xcassets in Resources */ = {isa = PBXBuildFile; fileRef = BB17CA412A12F5A2004E4375 /* Preview Assets.xcassets */; };
		BB17CA4B2A12F61C004E4375 /* CarPlaySceneDelegate.swift in Sources */ = {isa = PBXBuildFile; fileRef = BB17CA4A2A12F61C004E4375 /* CarPlaySceneDelegate.swift */; };
/* End PBXBuildFile section */

/* Begin PBXFileReference section */
		4D0439D62C1060F600B79D9E /* Channel.swift */ = {isa = PBXFileReference; lastKnownFileType = sourcecode.swift; path = Channel.swift; sourceTree = "<group>"; };
		4D0439DA2C10616800B79D9E /* Liveaudio.swift */ = {isa = PBXFileReference; fileEncoding = 4; lastKnownFileType = sourcecode.swift; path = Liveaudio.swift; sourceTree = "<group>"; };
		4D0439E22C106D9C00B79D9E /* ChannelView.swift */ = {isa = PBXFileReference; lastKnownFileType = sourcecode.swift; path = ChannelView.swift; sourceTree = "<group>"; };
		4D5A65852C3F3A5500B5DDE3 /* FullPlayerView.swift */ = {isa = PBXFileReference; lastKnownFileType = sourcecode.swift; path = FullPlayerView.swift; sourceTree = "<group>"; };
		4D5A65872C3FC02A00B5DDE3 /* PlayerModel.swift */ = {isa = PBXFileReference; lastKnownFileType = sourcecode.swift; path = PlayerModel.swift; sourceTree = "<group>"; };
		4DB3BCBF2C05E1AD00C3472A /* NewsView.swift */ = {isa = PBXFileReference; fileEncoding = 4; lastKnownFileType = sourcecode.swift; path = NewsView.swift; sourceTree = "<group>"; };
		4DB3BCC32C05E1C400C3472A /* Broadcast.swift */ = {isa = PBXFileReference; fileEncoding = 4; lastKnownFileType = sourcecode.swift; path = Broadcast.swift; sourceTree = "<group>"; };
		4DB3BCC42C05E1C400C3472A /* Broadcastfiles.swift */ = {isa = PBXFileReference; fileEncoding = 4; lastKnownFileType = sourcecode.swift; path = Broadcastfiles.swift; sourceTree = "<group>"; };
		4DB3BCC52C05E1C400C3472A /* Broadcasttime.swift */ = {isa = PBXFileReference; fileEncoding = 4; lastKnownFileType = sourcecode.swift; path = Broadcasttime.swift; sourceTree = "<group>"; };
		4DB3BCC62C05E1C400C3472A /* Downloadpodfile.swift */ = {isa = PBXFileReference; fileEncoding = 4; lastKnownFileType = sourcecode.swift; path = Downloadpodfile.swift; sourceTree = "<group>"; };
		4DB3BCC72C05E1C400C3472A /* Episodes.swift */ = {isa = PBXFileReference; fileEncoding = 4; lastKnownFileType = sourcecode.swift; path = Episodes.swift; sourceTree = "<group>"; };
		4DB3BCC82C05E1C400C3472A /* News.swift */ = {isa = PBXFileReference; fileEncoding = 4; lastKnownFileType = sourcecode.swift; path = News.swift; sourceTree = "<group>"; };
		4DB3BCC92C05E1C400C3472A /* Playlist.swift */ = {isa = PBXFileReference; fileEncoding = 4; lastKnownFileType = sourcecode.swift; path = Playlist.swift; sourceTree = "<group>"; };
		4DB3BCCA2C05E1C400C3472A /* Program.swift */ = {isa = PBXFileReference; fileEncoding = 4; lastKnownFileType = sourcecode.swift; path = Program.swift; sourceTree = "<group>"; };
		4DCD62BA2C2C225A00CC094F /* ChannelPlayView.swift */ = {isa = PBXFileReference; lastKnownFileType = sourcecode.swift; path = ChannelPlayView.swift; sourceTree = "<group>"; };
		4DCD62BC2C2C226D00CC094F /* AsyncImage.swift */ = {isa = PBXFileReference; lastKnownFileType = sourcecode.swift; path = AsyncImage.swift; sourceTree = "<group>"; };
		4DCD62BE2C2C228D00CC094F /* ImageLoader.swift */ = {isa = PBXFileReference; lastKnownFileType = sourcecode.swift; path = ImageLoader.swift; sourceTree = "<group>"; };
		4DCD62C02C2C229400CC094F /* ChannelViewModel.swift */ = {isa = PBXFileReference; lastKnownFileType = sourcecode.swift; path = ChannelViewModel.swift; sourceTree = "<group>"; };
		BB17CA372A12F59F004E4375 /* SRCarPlay.app */ = {isa = PBXFileReference; explicitFileType = wrapper.application; includeInIndex = 0; path = SRCarPlay.app; sourceTree = BUILT_PRODUCTS_DIR; };
		BB17CA3A2A12F59F004E4375 /* SRCarPlayApp.swift */ = {isa = PBXFileReference; lastKnownFileType = sourcecode.swift; path = SRCarPlayApp.swift; sourceTree = "<group>"; };
		BB17CA3C2A12F59F004E4375 /* ContentView.swift */ = {isa = PBXFileReference; lastKnownFileType = sourcecode.swift; path = ContentView.swift; sourceTree = "<group>"; };
		BB17CA3E2A12F5A2004E4375 /* Assets.xcassets */ = {isa = PBXFileReference; lastKnownFileType = folder.assetcatalog; path = Assets.xcassets; sourceTree = "<group>"; };
		BB17CA412A12F5A2004E4375 /* Preview Assets.xcassets */ = {isa = PBXFileReference; lastKnownFileType = folder.assetcatalog; path = "Preview Assets.xcassets"; sourceTree = "<group>"; };
		BB17CA4A2A12F61C004E4375 /* CarPlaySceneDelegate.swift */ = {isa = PBXFileReference; lastKnownFileType = sourcecode.swift; path = CarPlaySceneDelegate.swift; sourceTree = "<group>"; };
		BB17CA4E2A12F958004E4375 /* Info.plist */ = {isa = PBXFileReference; lastKnownFileType = text.plist; path = Info.plist; sourceTree = "<group>"; };
		BB17CA4F2A12FBF1004E4375 /* entitlements.plist */ = {isa = PBXFileReference; lastKnownFileType = text.plist.xml; path = entitlements.plist; sourceTree = "<group>"; };
/* End PBXFileReference section */

/* Begin PBXFrameworksBuildPhase section */
		BB17CA342A12F59F004E4375 /* Frameworks */ = {
			isa = PBXFrameworksBuildPhase;
			buildActionMask = 2147483647;
			files = (
			);
			runOnlyForDeploymentPostprocessing = 0;
		};
/* End PBXFrameworksBuildPhase section */

/* Begin PBXGroup section */
		4DB3BCCB2C05E1C400C3472A /* CodableModels */ = {
			isa = PBXGroup;
			children = (
				4DB3BCC32C05E1C400C3472A /* Broadcast.swift */,
				4DB3BCC42C05E1C400C3472A /* Broadcastfiles.swift */,
				4DB3BCC52C05E1C400C3472A /* Broadcasttime.swift */,
				4DB3BCC62C05E1C400C3472A /* Downloadpodfile.swift */,
				4DB3BCC72C05E1C400C3472A /* Episodes.swift */,
				4D0439D62C1060F600B79D9E /* Channel.swift */,
				4D0439DA2C10616800B79D9E /* Liveaudio.swift */,
				4DB3BCC82C05E1C400C3472A /* News.swift */,
				4DB3BCC92C05E1C400C3472A /* Playlist.swift */,
				4DB3BCCA2C05E1C400C3472A /* Program.swift */,
			);
			path = CodableModels;
			sourceTree = "<group>";
		};
		4DB3BCCC2C05E1C400C3472A /* Models */ = {
			isa = PBXGroup;
			children = (
				4DB3BCCB2C05E1C400C3472A /* CodableModels */,
			);
			path = Models;
			sourceTree = "<group>";
		};
		BB17CA2E2A12F59F004E4375 = {
			isa = PBXGroup;
			children = (
				BB17CA392A12F59F004E4375 /* SRCarPlay */,
				BB17CA382A12F59F004E4375 /* Products */,
			);
			sourceTree = "<group>";
		};
		BB17CA382A12F59F004E4375 /* Products */ = {
			isa = PBXGroup;
			children = (
				BB17CA372A12F59F004E4375 /* SRCarPlay.app */,
			);
			name = Products;
			sourceTree = "<group>";
		};
		BB17CA392A12F59F004E4375 /* SRCarPlay */ = {
			isa = PBXGroup;
			children = (
				BB17CA4E2A12F958004E4375 /* Info.plist */,
				BB17CA3A2A12F59F004E4375 /* SRCarPlayApp.swift */,
				BB17CA4A2A12F61C004E4375 /* CarPlaySceneDelegate.swift */,
				BB17CA4F2A12FBF1004E4375 /* entitlements.plist */,
				BB17CA3C2A12F59F004E4375 /* ContentView.swift */,
				4DB3BCBF2C05E1AD00C3472A /* NewsView.swift */,
				4D0439E22C106D9C00B79D9E /* ChannelView.swift */,
				4DCD62C02C2C229400CC094F /* ChannelViewModel.swift */,
				4DCD62BA2C2C225A00CC094F /* ChannelPlayView.swift */,
				4D5A65852C3F3A5500B5DDE3 /* FullPlayerView.swift */,
				4D5A65872C3FC02A00B5DDE3 /* PlayerModel.swift */,
				4DCD62BC2C2C226D00CC094F /* AsyncImage.swift */,
				4DCD62BE2C2C228D00CC094F /* ImageLoader.swift */,
				4DB3BCCC2C05E1C400C3472A /* Models */,
				BB17CA3E2A12F5A2004E4375 /* Assets.xcassets */,
				BB17CA402A12F5A2004E4375 /* Preview Content */,
			);
			path = SRCarPlay;
			sourceTree = "<group>";
		};
		BB17CA402A12F5A2004E4375 /* Preview Content */ = {
			isa = PBXGroup;
			children = (
				BB17CA412A12F5A2004E4375 /* Preview Assets.xcassets */,
			);
			path = "Preview Content";
			sourceTree = "<group>";
		};
/* End PBXGroup section */

/* Begin PBXNativeTarget section */
		BB17CA362A12F59F004E4375 /* SRCarPlay */ = {
			isa = PBXNativeTarget;
			buildConfigurationList = BB17CA452A12F5A2004E4375 /* Build configuration list for PBXNativeTarget "SRCarPlay" */;
			buildPhases = (
				BB17CA332A12F59F004E4375 /* Sources */,
				BB17CA342A12F59F004E4375 /* Frameworks */,
				BB17CA352A12F59F004E4375 /* Resources */,
			);
			buildRules = (
			);
			dependencies = (
			);
			name = SRCarPlay;
			productName = CPHelloWorld;
			productReference = BB17CA372A12F59F004E4375 /* SRCarPlay.app */;
			productType = "com.apple.product-type.application";
		};
/* End PBXNativeTarget section */

/* Begin PBXProject section */
		BB17CA2F2A12F59F004E4375 /* Project object */ = {
			isa = PBXProject;
			attributes = {
				BuildIndependentTargetsInParallel = 1;
				LastSwiftUpdateCheck = 1430;
				LastUpgradeCheck = 1540;
				TargetAttributes = {
					BB17CA362A12F59F004E4375 = {
						CreatedOnToolsVersion = 14.3;
					};
				};
			};
			buildConfigurationList = BB17CA322A12F59F004E4375 /* Build configuration list for PBXProject "SRCarPlay" */;
			compatibilityVersion = "Xcode 14.0";
			developmentRegion = en;
			hasScannedForEncodings = 0;
			knownRegions = (
				en,
				Base,
			);
			mainGroup = BB17CA2E2A12F59F004E4375;
			productRefGroup = BB17CA382A12F59F004E4375 /* Products */;
			projectDirPath = "";
			projectRoot = "";
			targets = (
				BB17CA362A12F59F004E4375 /* SRCarPlay */,
			);
		};
/* End PBXProject section */

/* Begin PBXResourcesBuildPhase section */
		BB17CA352A12F59F004E4375 /* Resources */ = {
			isa = PBXResourcesBuildPhase;
			buildActionMask = 2147483647;
			files = (
				BB17CA422A12F5A2004E4375 /* Preview Assets.xcassets in Resources */,
				BB17CA3F2A12F5A2004E4375 /* Assets.xcassets in Resources */,
			);
			runOnlyForDeploymentPostprocessing = 0;
		};
/* End PBXResourcesBuildPhase section */

/* Begin PBXSourcesBuildPhase section */
		BB17CA332A12F59F004E4375 /* Sources */ = {
			isa = PBXSourcesBuildPhase;
			buildActionMask = 2147483647;
			files = (
				4D0439E32C106D9C00B79D9E /* ChannelView.swift in Sources */,
				4DB3BCD32C05E1C400C3472A /* Playlist.swift in Sources */,
				4D5A65862C3F3A5500B5DDE3 /* FullPlayerView.swift in Sources */,
				BB17CA3D2A12F59F004E4375 /* ContentView.swift in Sources */,
				4DCD62BB2C2C225A00CC094F /* ChannelPlayView.swift in Sources */,
				BB17CA4B2A12F61C004E4375 /* CarPlaySceneDelegate.swift in Sources */,
				4DB3BCD42C05E1C400C3472A /* Program.swift in Sources */,
				4DB3BCD02C05E1C400C3472A /* Downloadpodfile.swift in Sources */,
				4DB3BCCD2C05E1C400C3472A /* Broadcast.swift in Sources */,
				4DCD62BF2C2C228D00CC094F /* ImageLoader.swift in Sources */,
				4D0439D72C1060F600B79D9E /* Channel.swift in Sources */,
				4D5A65882C3FC02A00B5DDE3 /* PlayerModel.swift in Sources */,
				4DCD62BD2C2C226D00CC094F /* AsyncImage.swift in Sources */,
				4DB3BCD22C05E1C400C3472A /* News.swift in Sources */,
				4DB3BCCE2C05E1C400C3472A /* Broadcastfiles.swift in Sources */,
				4DCD62C12C2C229400CC094F /* ChannelViewModel.swift in Sources */,
				4DB3BCC02C05E1AD00C3472A /* NewsView.swift in Sources */,
				4DB3BCCF2C05E1C400C3472A /* Broadcasttime.swift in Sources */,
				4DB3BCD12C05E1C400C3472A /* Episodes.swift in Sources */,
				4D0439DB2C10616900B79D9E /* Liveaudio.swift in Sources */,
				BB17CA3B2A12F59F004E4375 /* SRCarPlayApp.swift in Sources */,
			);
			runOnlyForDeploymentPostprocessing = 0;
		};
/* End PBXSourcesBuildPhase section */

/* Begin XCBuildConfiguration section */
		BB17CA432A12F5A2004E4375 /* Debug */ = {
			isa = XCBuildConfiguration;
			buildSettings = {
				ALWAYS_SEARCH_USER_PATHS = NO;
				CLANG_ANALYZER_NONNULL = YES;
				CLANG_ANALYZER_NUMBER_OBJECT_CONVERSION = YES_AGGRESSIVE;
				CLANG_CXX_LANGUAGE_STANDARD = "gnu++20";
				CLANG_ENABLE_MODULES = YES;
				CLANG_ENABLE_OBJC_ARC = YES;
				CLANG_ENABLE_OBJC_WEAK = YES;
				CLANG_WARN_BLOCK_CAPTURE_AUTORELEASING = YES;
				CLANG_WARN_BOOL_CONVERSION = YES;
				CLANG_WARN_COMMA = YES;
				CLANG_WARN_CONSTANT_CONVERSION = YES;
				CLANG_WARN_DEPRECATED_OBJC_IMPLEMENTATIONS = YES;
				CLANG_WARN_DIRECT_OBJC_ISA_USAGE = YES_ERROR;
				CLANG_WARN_DOCUMENTATION_COMMENTS = YES;
				CLANG_WARN_EMPTY_BODY = YES;
				CLANG_WARN_ENUM_CONVERSION = YES;
				CLANG_WARN_INFINITE_RECURSION = YES;
				CLANG_WARN_INT_CONVERSION = YES;
				CLANG_WARN_NON_LITERAL_NULL_CONVERSION = YES;
				CLANG_WARN_OBJC_IMPLICIT_RETAIN_SELF = YES;
				CLANG_WARN_OBJC_LITERAL_CONVERSION = YES;
				CLANG_WARN_OBJC_ROOT_CLASS = YES_ERROR;
				CLANG_WARN_QUOTED_INCLUDE_IN_FRAMEWORK_HEADER = YES;
				CLANG_WARN_RANGE_LOOP_ANALYSIS = YES;
				CLANG_WARN_STRICT_PROTOTYPES = YES;
				CLANG_WARN_SUSPICIOUS_MOVE = YES;
				CLANG_WARN_UNGUARDED_AVAILABILITY = YES_AGGRESSIVE;
				CLANG_WARN_UNREACHABLE_CODE = YES;
				CLANG_WARN__DUPLICATE_METHOD_MATCH = YES;
				CODE_SIGN_ENTITLEMENTS = SRCarPlay/entitlements.plist;
				COPY_PHASE_STRIP = NO;
				DEBUG_INFORMATION_FORMAT = dwarf;
				ENABLE_STRICT_OBJC_MSGSEND = YES;
				ENABLE_TESTABILITY = YES;
				ENABLE_USER_SCRIPT_SANDBOXING = YES;
				GCC_C_LANGUAGE_STANDARD = gnu11;
				GCC_DYNAMIC_NO_PIC = NO;
				GCC_NO_COMMON_BLOCKS = YES;
				GCC_OPTIMIZATION_LEVEL = 0;
				GCC_PREPROCESSOR_DEFINITIONS = (
					"DEBUG=1",
					"$(inherited)",
				);
				GCC_WARN_64_TO_32_BIT_CONVERSION = YES;
				GCC_WARN_ABOUT_RETURN_TYPE = YES_ERROR;
				GCC_WARN_UNDECLARED_SELECTOR = YES;
				GCC_WARN_UNINITIALIZED_AUTOS = YES_AGGRESSIVE;
				GCC_WARN_UNUSED_FUNCTION = YES;
				GCC_WARN_UNUSED_VARIABLE = YES;
				IPHONEOS_DEPLOYMENT_TARGET = 16.4;
				MTL_ENABLE_DEBUG_INFO = INCLUDE_SOURCE;
				MTL_FAST_MATH = YES;
				ONLY_ACTIVE_ARCH = YES;
				SDKROOT = iphoneos;
				SWIFT_ACTIVE_COMPILATION_CONDITIONS = DEBUG;
				SWIFT_OPTIMIZATION_LEVEL = "-Onone";
			};
			name = Debug;
		};
		BB17CA442A12F5A2004E4375 /* Release */ = {
			isa = XCBuildConfiguration;
			buildSettings = {
				ALWAYS_SEARCH_USER_PATHS = NO;
				CLANG_ANALYZER_NONNULL = YES;
				CLANG_ANALYZER_NUMBER_OBJECT_CONVERSION = YES_AGGRESSIVE;
				CLANG_CXX_LANGUAGE_STANDARD = "gnu++20";
				CLANG_ENABLE_MODULES = YES;
				CLANG_ENABLE_OBJC_ARC = YES;
				CLANG_ENABLE_OBJC_WEAK = YES;
				CLANG_WARN_BLOCK_CAPTURE_AUTORELEASING = YES;
				CLANG_WARN_BOOL_CONVERSION = YES;
				CLANG_WARN_COMMA = YES;
				CLANG_WARN_CONSTANT_CONVERSION = YES;
				CLANG_WARN_DEPRECATED_OBJC_IMPLEMENTATIONS = YES;
				CLANG_WARN_DIRECT_OBJC_ISA_USAGE = YES_ERROR;
				CLANG_WARN_DOCUMENTATION_COMMENTS = YES;
				CLANG_WARN_EMPTY_BODY = YES;
				CLANG_WARN_ENUM_CONVERSION = YES;
				CLANG_WARN_INFINITE_RECURSION = YES;
				CLANG_WARN_INT_CONVERSION = YES;
				CLANG_WARN_NON_LITERAL_NULL_CONVERSION = YES;
				CLANG_WARN_OBJC_IMPLICIT_RETAIN_SELF = YES;
				CLANG_WARN_OBJC_LITERAL_CONVERSION = YES;
				CLANG_WARN_OBJC_ROOT_CLASS = YES_ERROR;
				CLANG_WARN_QUOTED_INCLUDE_IN_FRAMEWORK_HEADER = YES;
				CLANG_WARN_RANGE_LOOP_ANALYSIS = YES;
				CLANG_WARN_STRICT_PROTOTYPES = YES;
				CLANG_WARN_SUSPICIOUS_MOVE = YES;
				CLANG_WARN_UNGUARDED_AVAILABILITY = YES_AGGRESSIVE;
				CLANG_WARN_UNREACHABLE_CODE = YES;
				CLANG_WARN__DUPLICATE_METHOD_MATCH = YES;
				CODE_SIGN_ENTITLEMENTS = SRCarPlay/entitlements.plist;
				COPY_PHASE_STRIP = NO;
				DEBUG_INFORMATION_FORMAT = "dwarf-with-dsym";
				ENABLE_NS_ASSERTIONS = NO;
				ENABLE_STRICT_OBJC_MSGSEND = YES;
				ENABLE_USER_SCRIPT_SANDBOXING = YES;
				GCC_C_LANGUAGE_STANDARD = gnu11;
				GCC_NO_COMMON_BLOCKS = YES;
				GCC_WARN_64_TO_32_BIT_CONVERSION = YES;
				GCC_WARN_ABOUT_RETURN_TYPE = YES_ERROR;
				GCC_WARN_UNDECLARED_SELECTOR = YES;
				GCC_WARN_UNINITIALIZED_AUTOS = YES_AGGRESSIVE;
				GCC_WARN_UNUSED_FUNCTION = YES;
				GCC_WARN_UNUSED_VARIABLE = YES;
				IPHONEOS_DEPLOYMENT_TARGET = 16.4;
				MTL_ENABLE_DEBUG_INFO = NO;
				MTL_FAST_MATH = YES;
				SDKROOT = iphoneos;
				SWIFT_COMPILATION_MODE = wholemodule;
				SWIFT_OPTIMIZATION_LEVEL = "-O";
				VALIDATE_PRODUCT = YES;
			};
			name = Release;
		};
		BB17CA462A12F5A2004E4375 /* Debug */ = {
			isa = XCBuildConfiguration;
			buildSettings = {
				ASSETCATALOG_COMPILER_APPICON_NAME = AppIcon;
				ASSETCATALOG_COMPILER_GLOBAL_ACCENT_COLOR_NAME = AccentColor;
				CODE_SIGN_ENTITLEMENTS = SRCarPlay/entitlements.plist;
				CODE_SIGN_IDENTITY = "Apple Development";
				CODE_SIGN_STYLE = Automatic;
				CURRENT_PROJECT_VERSION = 1;
				DEVELOPMENT_ASSET_PATHS = "\"SRCarPlay/Preview Content\"";
				DEVELOPMENT_TEAM = Y8NX76ELDN;
				ENABLE_PREVIEWS = YES;
				GENERATE_INFOPLIST_FILE = YES;
				INFOPLIST_FILE = SRCarPlay/Info.plist;
				INFOPLIST_KEY_CFBundleDisplayName = SRCarPlay;
				INFOPLIST_KEY_UIApplicationSupportsIndirectInputEvents = YES;
				INFOPLIST_KEY_UILaunchScreen_Generation = YES;
				INFOPLIST_KEY_UISupportedInterfaceOrientations = UIInterfaceOrientationPortrait;
				INFOPLIST_KEY_UISupportedInterfaceOrientations_iPad = "UIInterfaceOrientationLandscapeLeft UIInterfaceOrientationLandscapeRight UIInterfaceOrientationPortrait UIInterfaceOrientationPortraitUpsideDown";
				IPHONEOS_DEPLOYMENT_TARGET = 17.5;
				LD_RUNPATH_SEARCH_PATHS = (
					"$(inherited)",
					"@executable_path/Frameworks",
				);
				MARKETING_VERSION = 1.0;
				PRODUCT_BUNDLE_IDENTIFIER = nu.sing2.SRCarPlay;
				PRODUCT_NAME = "$(TARGET_NAME)";
				PROVISIONING_PROFILE_SPECIFIER = "";
				SWIFT_EMIT_LOC_STRINGS = YES;
				SWIFT_VERSION = 5.0;
				TARGETED_DEVICE_FAMILY = "1,2";
			};
			name = Debug;
		};
		BB17CA472A12F5A2004E4375 /* Release */ = {
			isa = XCBuildConfiguration;
			buildSettings = {
				ASSETCATALOG_COMPILER_APPICON_NAME = AppIcon;
				ASSETCATALOG_COMPILER_GLOBAL_ACCENT_COLOR_NAME = AccentColor;
				CODE_SIGN_ENTITLEMENTS = SRCarPlay/entitlements.plist;
				CODE_SIGN_IDENTITY = "Apple Development";
				CODE_SIGN_STYLE = Automatic;
				CURRENT_PROJECT_VERSION = 1;
				DEVELOPMENT_ASSET_PATHS = "\"SRCarPlay/Preview Content\"";
				DEVELOPMENT_TEAM = Y8NX76ELDN;
				ENABLE_PREVIEWS = YES;
				GENERATE_INFOPLIST_FILE = YES;
				INFOPLIST_FILE = SRCarPlay/Info.plist;
				INFOPLIST_KEY_CFBundleDisplayName = SRCarPlay;
				INFOPLIST_KEY_UIApplicationSupportsIndirectInputEvents = YES;
				INFOPLIST_KEY_UILaunchScreen_Generation = YES;
				INFOPLIST_KEY_UISupportedInterfaceOrientations = UIInterfaceOrientationPortrait;
				INFOPLIST_KEY_UISupportedInterfaceOrientations_iPad = "UIInterfaceOrientationLandscapeLeft UIInterfaceOrientationLandscapeRight UIInterfaceOrientationPortrait UIInterfaceOrientationPortraitUpsideDown";
				IPHONEOS_DEPLOYMENT_TARGET = 17.5;
				LD_RUNPATH_SEARCH_PATHS = (
					"$(inherited)",
					"@executable_path/Frameworks",
				);
				MARKETING_VERSION = 1.0;
				PRODUCT_BUNDLE_IDENTIFIER = nu.sing2.SRCarPlay;
				PRODUCT_NAME = "$(TARGET_NAME)";
				PROVISIONING_PROFILE_SPECIFIER = "";
				SWIFT_EMIT_LOC_STRINGS = YES;
				SWIFT_VERSION = 5.0;
				TARGETED_DEVICE_FAMILY = "1,2";
			};
			name = Release;
		};
/* End XCBuildConfiguration section */

/* Begin XCConfigurationList section */
		BB17CA322A12F59F004E4375 /* Build configuration list for PBXProject "SRCarPlay" */ = {
			isa = XCConfigurationList;
			buildConfigurations = (
				BB17CA432A12F5A2004E4375 /* Debug */,
				BB17CA442A12F5A2004E4375 /* Release */,
			);
			defaultConfigurationIsVisible = 0;
			defaultConfigurationName = Release;
		};
		BB17CA452A12F5A2004E4375 /* Build configuration list for PBXNativeTarget "SRCarPlay" */ = {
			isa = XCConfigurationList;
			buildConfigurations = (
				BB17CA462A12F5A2004E4375 /* Debug */,
				BB17CA472A12F5A2004E4375 /* Release */,
			);
			defaultConfigurationIsVisible = 0;
			defaultConfigurationName = Release;
		};
/* End XCConfigurationList section */
	};
	rootObject = BB17CA2F2A12F59F004E4375 /* Project object */;
}
